// !$*UTF8*$!
{
	archiveVersion = 1;
	classes = {
	};
	objectVersion = 56;
	objects = {

/* Begin PBXBuildFile section */
		E962415829BD972F005857E4 /* OneRepMaxApp.swift in Sources */ = {isa = PBXBuildFile; fileRef = E962415729BD972F005857E4 /* OneRepMaxApp.swift */; };
		E962415A29BD972F005857E4 /* OneRepMaxList.swift in Sources */ = {isa = PBXBuildFile; fileRef = E962415929BD972F005857E4 /* OneRepMaxList.swift */; };
		E962415C29BD972F005857E4 /* Assets.xcassets in Resources */ = {isa = PBXBuildFile; fileRef = E962415B29BD972F005857E4 /* Assets.xcassets */; };
		E962415F29BD972F005857E4 /* Preview Assets.xcassets in Resources */ = {isa = PBXBuildFile; fileRef = E962415E29BD972F005857E4 /* Preview Assets.xcassets */; };
		E962416C29BD9777005857E4 /* OneRepMaxTests.swift in Sources */ = {isa = PBXBuildFile; fileRef = E962416B29BD9777005857E4 /* OneRepMaxTests.swift */; };
		E962417629BE6946005857E4 /* Model.swift in Sources */ = {isa = PBXBuildFile; fileRef = E962417529BE6946005857E4 /* Model.swift */; };
/* End PBXBuildFile section */

/* Begin PBXContainerItemProxy section */
		E962416D29BD9777005857E4 /* PBXContainerItemProxy */ = {
			isa = PBXContainerItemProxy;
			containerPortal = E962414C29BD972F005857E4 /* Project object */;
			proxyType = 1;
			remoteGlobalIDString = E962415329BD972F005857E4;
			remoteInfo = OneRepMax;
		};
/* End PBXContainerItemProxy section */

/* Begin PBXFileReference section */
		E962415429BD972F005857E4 /* OneRepMax.app */ = {isa = PBXFileReference; explicitFileType = wrapper.application; includeInIndex = 0; path = OneRepMax.app; sourceTree = BUILT_PRODUCTS_DIR; };
		E962415729BD972F005857E4 /* OneRepMaxApp.swift */ = {isa = PBXFileReference; lastKnownFileType = sourcecode.swift; path = OneRepMaxApp.swift; sourceTree = "<group>"; };
		E962415929BD972F005857E4 /* OneRepMaxList.swift */ = {isa = PBXFileReference; lastKnownFileType = sourcecode.swift; path = OneRepMaxList.swift; sourceTree = "<group>"; };
		E962415B29BD972F005857E4 /* Assets.xcassets */ = {isa = PBXFileReference; lastKnownFileType = folder.assetcatalog; path = Assets.xcassets; sourceTree = "<group>"; };
		E962415E29BD972F005857E4 /* Preview Assets.xcassets */ = {isa = PBXFileReference; lastKnownFileType = folder.assetcatalog; path = "Preview Assets.xcassets"; sourceTree = "<group>"; };
		E962416929BD9777005857E4 /* OneRepMaxTests.xctest */ = {isa = PBXFileReference; explicitFileType = wrapper.cfbundle; includeInIndex = 0; path = OneRepMaxTests.xctest; sourceTree = BUILT_PRODUCTS_DIR; };
		E962416B29BD9777005857E4 /* OneRepMaxTests.swift */ = {isa = PBXFileReference; lastKnownFileType = sourcecode.swift; path = OneRepMaxTests.swift; sourceTree = "<group>"; };
		E962417229BD97AF005857E4 /* Info.plist */ = {isa = PBXFileReference; lastKnownFileType = text.plist; path = Info.plist; sourceTree = "<group>"; };
		E962417529BE6946005857E4 /* Model.swift */ = {isa = PBXFileReference; lastKnownFileType = sourcecode.swift; path = Model.swift; sourceTree = "<group>"; };
/* End PBXFileReference section */

/* Begin PBXFrameworksBuildPhase section */
		E962415129BD972F005857E4 /* Frameworks */ = {
			isa = PBXFrameworksBuildPhase;
			buildActionMask = 2147483647;
			files = (
			);
			runOnlyForDeploymentPostprocessing = 0;
		};
		E962416629BD9777005857E4 /* Frameworks */ = {
			isa = PBXFrameworksBuildPhase;
			buildActionMask = 2147483647;
			files = (
			);
			runOnlyForDeploymentPostprocessing = 0;
		};
/* End PBXFrameworksBuildPhase section */

/* Begin PBXGroup section */
		E962414B29BD972F005857E4 = {
			isa = PBXGroup;
			children = (
				E962415629BD972F005857E4 /* OneRepMax */,
				E962416A29BD9777005857E4 /* OneRepMaxTests */,
				E962415529BD972F005857E4 /* Products */,
			);
			sourceTree = "<group>";
		};
		E962415529BD972F005857E4 /* Products */ = {
			isa = PBXGroup;
			children = (
				E962415429BD972F005857E4 /* OneRepMax.app */,
				E962416929BD9777005857E4 /* OneRepMaxTests.xctest */,
			);
			name = Products;
			sourceTree = "<group>";
		};
		E962415629BD972F005857E4 /* OneRepMax */ = {
			isa = PBXGroup;
			children = (
				E962417229BD97AF005857E4 /* Info.plist */,
				E962415729BD972F005857E4 /* OneRepMaxApp.swift */,
				E962415929BD972F005857E4 /* OneRepMaxList.swift */,
				E962417529BE6946005857E4 /* Model.swift */,
				E962415B29BD972F005857E4 /* Assets.xcassets */,
				E962415D29BD972F005857E4 /* Preview Content */,
			);
			path = OneRepMax;
			sourceTree = "<group>";
		};
		E962415D29BD972F005857E4 /* Preview Content */ = {
			isa = PBXGroup;
			children = (
				E962415E29BD972F005857E4 /* Preview Assets.xcassets */,
			);
			path = "Preview Content";
			sourceTree = "<group>";
		};
		E962416A29BD9777005857E4 /* OneRepMaxTests */ = {
			isa = PBXGroup;
			children = (
				E962416B29BD9777005857E4 /* OneRepMaxTests.swift */,
			);
			path = OneRepMaxTests;
			sourceTree = "<group>";
		};
/* End PBXGroup section */

/* Begin PBXNativeTarget section */
		E962415329BD972F005857E4 /* OneRepMax */ = {
			isa = PBXNativeTarget;
			buildConfigurationList = E962416229BD972F005857E4 /* Build configuration list for PBXNativeTarget "OneRepMax" */;
			buildPhases = (
				E962415029BD972F005857E4 /* Sources */,
				E962415129BD972F005857E4 /* Frameworks */,
				E962415229BD972F005857E4 /* Resources */,
			);
			buildRules = (
			);
			dependencies = (
			);
			name = OneRepMax;
			productName = OneRepMax;
			productReference = E962415429BD972F005857E4 /* OneRepMax.app */;
			productType = "com.apple.product-type.application";
		};
		E962416829BD9777005857E4 /* OneRepMaxTests */ = {
			isa = PBXNativeTarget;
			buildConfigurationList = E962416F29BD9777005857E4 /* Build configuration list for PBXNativeTarget "OneRepMaxTests" */;
			buildPhases = (
				E962416529BD9777005857E4 /* Sources */,
				E962416629BD9777005857E4 /* Frameworks */,
				E962416729BD9777005857E4 /* Resources */,
			);
			buildRules = (
			);
			dependencies = (
				E962416E29BD9777005857E4 /* PBXTargetDependency */,
			);
			name = OneRepMaxTests;
			productName = OneRepMaxTests;
			productReference = E962416929BD9777005857E4 /* OneRepMaxTests.xctest */;
			productType = "com.apple.product-type.bundle.unit-test";
		};
/* End PBXNativeTarget section */

/* Begin PBXProject section */
		E962414C29BD972F005857E4 /* Project object */ = {
			isa = PBXProject;
			attributes = {
				BuildIndependentTargetsInParallel = 1;
				LastSwiftUpdateCheck = 1420;
				LastUpgradeCheck = 1420;
				TargetAttributes = {
					E962415329BD972F005857E4 = {
						CreatedOnToolsVersion = 14.2;
					};
					E962416829BD9777005857E4 = {
						CreatedOnToolsVersion = 14.2;
						TestTargetID = E962415329BD972F005857E4;
					};
				};
			};
			buildConfigurationList = E962414F29BD972F005857E4 /* Build configuration list for PBXProject "OneRepMax" */;
			compatibilityVersion = "Xcode 14.0";
			developmentRegion = en;
			hasScannedForEncodings = 0;
			knownRegions = (
				en,
				Base,
			);
			mainGroup = E962414B29BD972F005857E4;
			productRefGroup = E962415529BD972F005857E4 /* Products */;
			projectDirPath = "";
			projectRoot = "";
			targets = (
				E962415329BD972F005857E4 /* OneRepMax */,
				E962416829BD9777005857E4 /* OneRepMaxTests */,
			);
		};
/* End PBXProject section */

/* Begin PBXResourcesBuildPhase section */
		E962415229BD972F005857E4 /* Resources */ = {
			isa = PBXResourcesBuildPhase;
			buildActionMask = 2147483647;
			files = (
				E962415F29BD972F005857E4 /* Preview Assets.xcassets in Resources */,
				E962415C29BD972F005857E4 /* Assets.xcassets in Resources */,
			);
			runOnlyForDeploymentPostprocessing = 0;
		};
		E962416729BD9777005857E4 /* Resources */ = {
			isa = PBXResourcesBuildPhase;
			buildActionMask = 2147483647;
			files = (
			);
			runOnlyForDeploymentPostprocessing = 0;
		};
/* End PBXResourcesBuildPhase section */

/* Begin PBXSourcesBuildPhase section */
		E962415029BD972F005857E4 /* Sources */ = {
			isa = PBXSourcesBuildPhase;
			buildActionMask = 2147483647;
			files = (
				E962415A29BD972F005857E4 /* OneRepMaxList.swift in Sources */,
				E962415829BD972F005857E4 /* OneRepMaxApp.swift in Sources */,
				E962417629BE6946005857E4 /* Model.swift in Sources */,
			);
			runOnlyForDeploymentPostprocessing = 0;
		};
		E962416529BD9777005857E4 /* Sources */ = {
			isa = PBXSourcesBuildPhase;
			buildActionMask = 2147483647;
			files = (
				E962416C29BD9777005857E4 /* OneRepMaxTests.swift in Sources */,
			);
			runOnlyForDeploymentPostprocessing = 0;
		};
/* End PBXSourcesBuildPhase section */

/* Begin PBXTargetDependency section */
		E962416E29BD9777005857E4 /* PBXTargetDependency */ = {
			isa = PBXTargetDependency;
			target = E962415329BD972F005857E4 /* OneRepMax */;
			targetProxy = E962416D29BD9777005857E4 /* PBXContainerItemProxy */;
		};
/* End PBXTargetDependency section */

/* Begin XCBuildConfiguration section */
		E962416029BD972F005857E4 /* Debug */ = {
			isa = XCBuildConfiguration;
			buildSettings = {
				ALWAYS_SEARCH_USER_PATHS = NO;
				CLANG_ANALYZER_NONNULL = YES;
				CLANG_ANALYZER_NUMBER_OBJECT_CONVERSION = YES_AGGRESSIVE;
				CLANG_CXX_LANGUAGE_STANDARD = "gnu++20";
				CLANG_ENABLE_MODULES = YES;
				CLANG_ENABLE_OBJC_ARC = YES;
				CLANG_ENABLE_OBJC_WEAK = YES;
				CLANG_WARN_BLOCK_CAPTURE_AUTORELEASING = YES;
				CLANG_WARN_BOOL_CONVERSION = YES;
				CLANG_WARN_COMMA = YES;
				CLANG_WARN_CONSTANT_CONVERSION = YES;
				CLANG_WARN_DEPRECATED_OBJC_IMPLEMENTATIONS = YES;
				CLANG_WARN_DIRECT_OBJC_ISA_USAGE = YES_ERROR;
				CLANG_WARN_DOCUMENTATION_COMMENTS = YES;
				CLANG_WARN_EMPTY_BODY = YES;
				CLANG_WARN_ENUM_CONVERSION = YES;
				CLANG_WARN_INFINITE_RECURSION = YES;
				CLANG_WARN_INT_CONVERSION = YES;
				CLANG_WARN_NON_LITERAL_NULL_CONVERSION = YES;
				CLANG_WARN_OBJC_IMPLICIT_RETAIN_SELF = YES;
				CLANG_WARN_OBJC_LITERAL_CONVERSION = YES;
				CLANG_WARN_OBJC_ROOT_CLASS = YES_ERROR;
				CLANG_WARN_QUOTED_INCLUDE_IN_FRAMEWORK_HEADER = YES;
				CLANG_WARN_RANGE_LOOP_ANALYSIS = YES;
				CLANG_WARN_STRICT_PROTOTYPES = YES;
				CLANG_WARN_SUSPICIOUS_MOVE = YES;
				CLANG_WARN_UNGUARDED_AVAILABILITY = YES_AGGRESSIVE;
				CLANG_WARN_UNREACHABLE_CODE = YES;
				CLANG_WARN__DUPLICATE_METHOD_MATCH = YES;
				COPY_PHASE_STRIP = NO;
				DEBUG_INFORMATION_FORMAT = dwarf;
				ENABLE_STRICT_OBJC_MSGSEND = YES;
				ENABLE_TESTABILITY = YES;
				GCC_C_LANGUAGE_STANDARD = gnu11;
				GCC_DYNAMIC_NO_PIC = NO;
				GCC_NO_COMMON_BLOCKS = YES;
				GCC_OPTIMIZATION_LEVEL = 0;
				GCC_PREPROCESSOR_DEFINITIONS = (
					"DEBUG=1",
					"$(inherited)",
				);
				GCC_WARN_64_TO_32_BIT_CONVERSION = YES;
				GCC_WARN_ABOUT_RETURN_TYPE = YES_ERROR;
				GCC_WARN_UNDECLARED_SELECTOR = YES;
				GCC_WARN_UNINITIALIZED_AUTOS = YES_AGGRESSIVE;
				GCC_WARN_UNUSED_FUNCTION = YES;
				GCC_WARN_UNUSED_VARIABLE = YES;
				IPHONEOS_DEPLOYMENT_TARGET = 16.2;
				MTL_ENABLE_DEBUG_INFO = INCLUDE_SOURCE;
				MTL_FAST_MATH = YES;
				ONLY_ACTIVE_ARCH = YES;
				SDKROOT = iphoneos;
				SWIFT_ACTIVE_COMPILATION_CONDITIONS = DEBUG;
				SWIFT_OPTIMIZATION_LEVEL = "-Onone";
			};
			name = Debug;
		};
		E962416129BD972F005857E4 /* Release */ = {
			isa = XCBuildConfiguration;
			buildSettings = {
				ALWAYS_SEARCH_USER_PATHS = NO;
				CLANG_ANALYZER_NONNULL = YES;
				CLANG_ANALYZER_NUMBER_OBJECT_CONVERSION = YES_AGGRESSIVE;
				CLANG_CXX_LANGUAGE_STANDARD = "gnu++20";
				CLANG_ENABLE_MODULES = YES;
				CLANG_ENABLE_OBJC_ARC = YES;
				CLANG_ENABLE_OBJC_WEAK = YES;
				CLANG_WARN_BLOCK_CAPTURE_AUTORELEASING = YES;
				CLANG_WARN_BOOL_CONVERSION = YES;
				CLANG_WARN_COMMA = YES;
				CLANG_WARN_CONSTANT_CONVERSION = YES;
				CLANG_WARN_DEPRECATED_OBJC_IMPLEMENTATIONS = YES;
				CLANG_WARN_DIRECT_OBJC_ISA_USAGE = YES_ERROR;
				CLANG_WARN_DOCUMENTATION_COMMENTS = YES;
				CLANG_WARN_EMPTY_BODY = YES;
				CLANG_WARN_ENUM_CONVERSION = YES;
				CLANG_WARN_INFINITE_RECURSION = YES;
				CLANG_WARN_INT_CONVERSION = YES;
				CLANG_WARN_NON_LITERAL_NULL_CONVERSION = YES;
				CLANG_WARN_OBJC_IMPLICIT_RETAIN_SELF = YES;
				CLANG_WARN_OBJC_LITERAL_CONVERSION = YES;
				CLANG_WARN_OBJC_ROOT_CLASS = YES_ERROR;
				CLANG_WARN_QUOTED_INCLUDE_IN_FRAMEWORK_HEADER = YES;
				CLANG_WARN_RANGE_LOOP_ANALYSIS = YES;
				CLANG_WARN_STRICT_PROTOTYPES = YES;
				CLANG_WARN_SUSPICIOUS_MOVE = YES;
				CLANG_WARN_UNGUARDED_AVAILABILITY = YES_AGGRESSIVE;
				CLANG_WARN_UNREACHABLE_CODE = YES;
				CLANG_WARN__DUPLICATE_METHOD_MATCH = YES;
				COPY_PHASE_STRIP = NO;
				DEBUG_INFORMATION_FORMAT = "dwarf-with-dsym";
				ENABLE_NS_ASSERTIONS = NO;
				ENABLE_STRICT_OBJC_MSGSEND = YES;
				GCC_C_LANGUAGE_STANDARD = gnu11;
				GCC_NO_COMMON_BLOCKS = YES;
				GCC_WARN_64_TO_32_BIT_CONVERSION = YES;
				GCC_WARN_ABOUT_RETURN_TYPE = YES_ERROR;
				GCC_WARN_UNDECLARED_SELECTOR = YES;
				GCC_WARN_UNINITIALIZED_AUTOS = YES_AGGRESSIVE;
				GCC_WARN_UNUSED_FUNCTION = YES;
				GCC_WARN_UNUSED_VARIABLE = YES;
				IPHONEOS_DEPLOYMENT_TARGET = 16.2;
				MTL_ENABLE_DEBUG_INFO = NO;
				MTL_FAST_MATH = YES;
				SDKROOT = iphoneos;
				SWIFT_COMPILATION_MODE = wholemodule;
				SWIFT_OPTIMIZATION_LEVEL = "-O";
				VALIDATE_PRODUCT = YES;
			};
			name = Release;
		};
		E962416329BD972F005857E4 /* Debug */ = {
			isa = XCBuildConfiguration;
			buildSettings = {
				ASSETCATALOG_COMPILER_APPICON_NAME = AppIcon;
				ASSETCATALOG_COMPILER_GLOBAL_ACCENT_COLOR_NAME = AccentColor;
				CODE_SIGN_STYLE = Automatic;
				CURRENT_PROJECT_VERSION = 1;
				DEVELOPMENT_ASSET_PATHS = "\"OneRepMax/Preview Content\"";
				ENABLE_PREVIEWS = YES;
				GENERATE_INFOPLIST_FILE = YES;
				INFOPLIST_FILE = OneRepMax/Info.plist;
				INFOPLIST_KEY_UIApplicationSupportsIndirectInputEvents = YES;
				INFOPLIST_KEY_UILaunchScreen_Generation = YES;
				INFOPLIST_KEY_UISupportedInterfaceOrientations_iPad = "UIInterfaceOrientationPortrait UIInterfaceOrientationPortraitUpsideDown UIInterfaceOrientationLandscapeLeft UIInterfaceOrientationLandscapeRight";
				INFOPLIST_KEY_UISupportedInterfaceOrientations_iPhone = "UIInterfaceOrientationPortrait UIInterfaceOrientationLandscapeLeft UIInterfaceOrientationLandscapeRight";
				LD_RUNPATH_SEARCH_PATHS = (
					"$(inherited)",
					"@executable_path/Frameworks",
				);
				MARKETING_VERSION = 1.0;
				PRODUCT_BUNDLE_IDENTIFIER = com.paveldusatko.OneRepMax;
				PRODUCT_NAME = "$(TARGET_NAME)";
				SWIFT_EMIT_LOC_STRINGS = YES;
				SWIFT_VERSION = 5.0;
				TARGETED_DEVICE_FAMILY = "1,2";
			};
			name = Debug;
		};
		E962416429BD972F005857E4 /* Release */ = {
			isa = XCBuildConfiguration;
			buildSettings = {
				ASSETCATALOG_COMPILER_APPICON_NAME = AppIcon;
				ASSETCATALOG_COMPILER_GLOBAL_ACCENT_COLOR_NAME = AccentColor;
				CODE_SIGN_STYLE = Automatic;
				CURRENT_PROJECT_VERSION = 1;
				DEVELOPMENT_ASSET_PATHS = "\"OneRepMax/Preview Content\"";
				ENABLE_PREVIEWS = YES;
				GENERATE_INFOPLIST_FILE = YES;
				INFOPLIST_FILE = OneRepMax/Info.plist;
				INFOPLIST_KEY_UIApplicationSupportsIndirectInputEvents = YES;
				INFOPLIST_KEY_UILaunchScreen_Generation = YES;
				INFOPLIST_KEY_UISupportedInterfaceOrientations_iPad = "UIInterfaceOrientationPortrait UIInterfaceOrientationPortraitUpsideDown UIInterfaceOrientationLandscapeLeft UIInterfaceOrientationLandscapeRight";
				INFOPLIST_KEY_UISupportedInterfaceOrientations_iPhone = "UIInterfaceOrientationPortrait UIInterfaceOrientationLandscapeLeft UIInterfaceOrientationLandscapeRight";
				LD_RUNPATH_SEARCH_PATHS = (
					"$(inherited)",
					"@executable_path/Frameworks",
				);
				MARKETING_VERSION = 1.0;
				PRODUCT_BUNDLE_IDENTIFIER = com.paveldusatko.OneRepMax;
				PRODUCT_NAME = "$(TARGET_NAME)";
				SWIFT_EMIT_LOC_STRINGS = YES;
				SWIFT_VERSION = 5.0;
				TARGETED_DEVICE_FAMILY = "1,2";
			};
			name = Release;
		};
		E962417029BD9777005857E4 /* Debug */ = {
			isa = XCBuildConfiguration;
			buildSettings = {
				BUNDLE_LOADER = "$(TEST_HOST)";
				CODE_SIGN_STYLE = Automatic;
				CURRENT_PROJECT_VERSION = 1;
				GENERATE_INFOPLIST_FILE = YES;
				MARKETING_VERSION = 1.0;
				PRODUCT_BUNDLE_IDENTIFIER = com.paveldusatko.OneRepMaxTests;
				PRODUCT_NAME = "$(TARGET_NAME)";
				SWIFT_EMIT_LOC_STRINGS = NO;
				SWIFT_VERSION = 5.0;
				TARGETED_DEVICE_FAMILY = "1,2";
				TEST_HOST = "$(BUILT_PRODUCTS_DIR)/OneRepMax.app/$(BUNDLE_EXECUTABLE_FOLDER_PATH)/OneRepMax";
			};
			name = Debug;
		};
		E962417129BD9777005857E4 /* Release */ = {
			isa = XCBuildConfiguration;
			buildSettings = {
				BUNDLE_LOADER = "$(TEST_HOST)";
				CODE_SIGN_STYLE = Automatic;
				CURRENT_PROJECT_VERSION = 1;
				GENERATE_INFOPLIST_FILE = YES;
				MARKETING_VERSION = 1.0;
				PRODUCT_BUNDLE_IDENTIFIER = com.paveldusatko.OneRepMaxTests;
				PRODUCT_NAME = "$(TARGET_NAME)";
				SWIFT_EMIT_LOC_STRINGS = NO;
				SWIFT_VERSION = 5.0;
				TARGETED_DEVICE_FAMILY = "1,2";
				TEST_HOST = "$(BUILT_PRODUCTS_DIR)/OneRepMax.app/$(BUNDLE_EXECUTABLE_FOLDER_PATH)/OneRepMax";
			};
			name = Release;
		};
/* End XCBuildConfiguration section */

/* Begin XCConfigurationList section */
		E962414F29BD972F005857E4 /* Build configuration list for PBXProject "OneRepMax" */ = {
			isa = XCConfigurationList;
			buildConfigurations = (
				E962416029BD972F005857E4 /* Debug */,
				E962416129BD972F005857E4 /* Release */,
			);
			defaultConfigurationIsVisible = 0;
			defaultConfigurationName = Release;
		};
		E962416229BD972F005857E4 /* Build configuration list for PBXNativeTarget "OneRepMax" */ = {
			isa = XCConfigurationList;
			buildConfigurations = (
				E962416329BD972F005857E4 /* Debug */,
				E962416429BD972F005857E4 /* Release */,
			);
			defaultConfigurationIsVisible = 0;
			defaultConfigurationName = Release;
		};
		E962416F29BD9777005857E4 /* Build configuration list for PBXNativeTarget "OneRepMaxTests" */ = {
			isa = XCConfigurationList;
			buildConfigurations = (
				E962417029BD9777005857E4 /* Debug */,
				E962417129BD9777005857E4 /* Release */,
			);
			defaultConfigurationIsVisible = 0;
			defaultConfigurationName = Release;
		};
/* End XCConfigurationList section */
	};
	rootObject = E962414C29BD972F005857E4 /* Project object */;
}
